// !$*UTF8*$!
{
	archiveVersion = 1;
	classes = {
	};
	objectVersion = 46;
	objects = {

/* Begin PBXBuildFile section */
		1B18118D1CD3C57E00C83AE5 /* ImageStore.swift in Sources */ = {isa = PBXBuildFile; fileRef = 1B18118C1CD3C57E00C83AE5 /* ImageStore.swift */; };
		1B2E17921CC928280090A451 /* ItemCell.swift in Sources */ = {isa = PBXBuildFile; fileRef = 1B2E17911CC928280090A451 /* ItemCell.swift */; };
		1B5F43E61CAD7673002F7431 /* AppDelegate.swift in Sources */ = {isa = PBXBuildFile; fileRef = 1B5F43E51CAD7673002F7431 /* AppDelegate.swift */; };
		1B5F43EB1CAD7673002F7431 /* Main.storyboard in Resources */ = {isa = PBXBuildFile; fileRef = 1B5F43E91CAD7673002F7431 /* Main.storyboard */; };
		1B5F43ED1CAD7673002F7431 /* Assets.xcassets in Resources */ = {isa = PBXBuildFile; fileRef = 1B5F43EC1CAD7673002F7431 /* Assets.xcassets */; };
		1B5F43F01CAD7673002F7431 /* LaunchScreen.storyboard in Resources */ = {isa = PBXBuildFile; fileRef = 1B5F43EE1CAD7673002F7431 /* LaunchScreen.storyboard */; };
		1B5F43FB1CAD7673002F7431 /* HomepwnerTests.swift in Sources */ = {isa = PBXBuildFile; fileRef = 1B5F43FA1CAD7673002F7431 /* HomepwnerTests.swift */; };
		1B5F44061CAD7673002F7431 /* HomepwnerUITests.swift in Sources */ = {isa = PBXBuildFile; fileRef = 1B5F44051CAD7673002F7431 /* HomepwnerUITests.swift */; };
		1B5F44141CAD76B0002F7431 /* ItemViewController.swift in Sources */ = {isa = PBXBuildFile; fileRef = 1B5F44131CAD76B0002F7431 /* ItemViewController.swift */; };
		1B5F44161CAD770D002F7431 /* Item.swift in Sources */ = {isa = PBXBuildFile; fileRef = 1B5F44151CAD770D002F7431 /* Item.swift */; };
		1B5F44181CAD7A69002F7431 /* ItemStore.swift in Sources */ = {isa = PBXBuildFile; fileRef = 1B5F44171CAD7A69002F7431 /* ItemStore.swift */; };
		1BB16A711CD2643B00FD8CBE /* DetailViewController.swift in Sources */ = {isa = PBXBuildFile; fileRef = 1BB16A701CD2643B00FD8CBE /* DetailViewController.swift */; };
/* End PBXBuildFile section */

/* Begin PBXContainerItemProxy section */
		1B5F43F71CAD7673002F7431 /* PBXContainerItemProxy */ = {
			isa = PBXContainerItemProxy;
			containerPortal = 1B5F43DA1CAD7673002F7431 /* Project object */;
			proxyType = 1;
			remoteGlobalIDString = 1B5F43E11CAD7673002F7431;
			remoteInfo = Homepwner;
		};
		1B5F44021CAD7673002F7431 /* PBXContainerItemProxy */ = {
			isa = PBXContainerItemProxy;
			containerPortal = 1B5F43DA1CAD7673002F7431 /* Project object */;
			proxyType = 1;
			remoteGlobalIDString = 1B5F43E11CAD7673002F7431;
			remoteInfo = Homepwner;
		};
/* End PBXContainerItemProxy section */

/* Begin PBXFileReference section */
		1B18118C1CD3C57E00C83AE5 /* ImageStore.swift */ = {isa = PBXFileReference; fileEncoding = 4; lastKnownFileType = sourcecode.swift; path = ImageStore.swift; sourceTree = "<group>"; };
		1B2E17911CC928280090A451 /* ItemCell.swift */ = {isa = PBXFileReference; fileEncoding = 4; lastKnownFileType = sourcecode.swift; path = ItemCell.swift; sourceTree = "<group>"; };
		1B5F43E21CAD7673002F7431 /* Homepwner.app */ = {isa = PBXFileReference; explicitFileType = wrapper.application; includeInIndex = 0; path = Homepwner.app; sourceTree = BUILT_PRODUCTS_DIR; };
		1B5F43E51CAD7673002F7431 /* AppDelegate.swift */ = {isa = PBXFileReference; lastKnownFileType = sourcecode.swift; path = AppDelegate.swift; sourceTree = "<group>"; };
		1B5F43EA1CAD7673002F7431 /* Base */ = {isa = PBXFileReference; lastKnownFileType = file.storyboard; name = Base; path = Base.lproj/Main.storyboard; sourceTree = "<group>"; };
		1B5F43EC1CAD7673002F7431 /* Assets.xcassets */ = {isa = PBXFileReference; lastKnownFileType = folder.assetcatalog; path = Assets.xcassets; sourceTree = "<group>"; };
		1B5F43EF1CAD7673002F7431 /* Base */ = {isa = PBXFileReference; lastKnownFileType = file.storyboard; name = Base; path = Base.lproj/LaunchScreen.storyboard; sourceTree = "<group>"; };
		1B5F43F11CAD7673002F7431 /* Info.plist */ = {isa = PBXFileReference; lastKnownFileType = text.plist.xml; path = Info.plist; sourceTree = "<group>"; };
		1B5F43F61CAD7673002F7431 /* HomepwnerTests.xctest */ = {isa = PBXFileReference; explicitFileType = wrapper.cfbundle; includeInIndex = 0; path = HomepwnerTests.xctest; sourceTree = BUILT_PRODUCTS_DIR; };
		1B5F43FA1CAD7673002F7431 /* HomepwnerTests.swift */ = {isa = PBXFileReference; lastKnownFileType = sourcecode.swift; path = HomepwnerTests.swift; sourceTree = "<group>"; };
		1B5F43FC1CAD7673002F7431 /* Info.plist */ = {isa = PBXFileReference; lastKnownFileType = text.plist.xml; path = Info.plist; sourceTree = "<group>"; };
		1B5F44011CAD7673002F7431 /* HomepwnerUITests.xctest */ = {isa = PBXFileReference; explicitFileType = wrapper.cfbundle; includeInIndex = 0; path = HomepwnerUITests.xctest; sourceTree = BUILT_PRODUCTS_DIR; };
		1B5F44051CAD7673002F7431 /* HomepwnerUITests.swift */ = {isa = PBXFileReference; lastKnownFileType = sourcecode.swift; path = HomepwnerUITests.swift; sourceTree = "<group>"; };
		1B5F44071CAD7673002F7431 /* Info.plist */ = {isa = PBXFileReference; lastKnownFileType = text.plist.xml; path = Info.plist; sourceTree = "<group>"; };
		1B5F44131CAD76B0002F7431 /* ItemViewController.swift */ = {isa = PBXFileReference; fileEncoding = 4; lastKnownFileType = sourcecode.swift; path = ItemViewController.swift; sourceTree = "<group>"; };
		1B5F44151CAD770D002F7431 /* Item.swift */ = {isa = PBXFileReference; fileEncoding = 4; lastKnownFileType = sourcecode.swift; path = Item.swift; sourceTree = "<group>"; };
		1B5F44171CAD7A69002F7431 /* ItemStore.swift */ = {isa = PBXFileReference; fileEncoding = 4; lastKnownFileType = sourcecode.swift; path = ItemStore.swift; sourceTree = "<group>"; };
		1BB16A701CD2643B00FD8CBE /* DetailViewController.swift */ = {isa = PBXFileReference; fileEncoding = 4; lastKnownFileType = sourcecode.swift; path = DetailViewController.swift; sourceTree = "<group>"; };
/* End PBXFileReference section */

/* Begin PBXFrameworksBuildPhase section */
		1B5F43DF1CAD7673002F7431 /* Frameworks */ = {
			isa = PBXFrameworksBuildPhase;
			buildActionMask = 2147483647;
			files = (
			);
			runOnlyForDeploymentPostprocessing = 0;
		};
		1B5F43F31CAD7673002F7431 /* Frameworks */ = {
			isa = PBXFrameworksBuildPhase;
			buildActionMask = 2147483647;
			files = (
			);
			runOnlyForDeploymentPostprocessing = 0;
		};
		1B5F43FE1CAD7673002F7431 /* Frameworks */ = {
			isa = PBXFrameworksBuildPhase;
			buildActionMask = 2147483647;
			files = (
			);
			runOnlyForDeploymentPostprocessing = 0;
		};
/* End PBXFrameworksBuildPhase section */

/* Begin PBXGroup section */
		1B5F43D91CAD7673002F7431 = {
			isa = PBXGroup;
			children = (
				1B5F43E41CAD7673002F7431 /* Homepwner */,
				1B5F43F91CAD7673002F7431 /* HomepwnerTests */,
				1B5F44041CAD7673002F7431 /* HomepwnerUITests */,
				1B5F43E31CAD7673002F7431 /* Products */,
			);
			sourceTree = "<group>";
		};
		1B5F43E31CAD7673002F7431 /* Products */ = {
			isa = PBXGroup;
			children = (
				1B5F43E21CAD7673002F7431 /* Homepwner.app */,
				1B5F43F61CAD7673002F7431 /* HomepwnerTests.xctest */,
				1B5F44011CAD7673002F7431 /* HomepwnerUITests.xctest */,
			);
			name = Products;
			sourceTree = "<group>";
		};
		1B5F43E41CAD7673002F7431 /* Homepwner */ = {
			isa = PBXGroup;
			children = (
				1B5F43E51CAD7673002F7431 /* AppDelegate.swift */,
				1B5F43E91CAD7673002F7431 /* Main.storyboard */,
				1B5F43EC1CAD7673002F7431 /* Assets.xcassets */,
				1B5F43EE1CAD7673002F7431 /* LaunchScreen.storyboard */,
				1B5F43F11CAD7673002F7431 /* Info.plist */,
				1B5F44131CAD76B0002F7431 /* ItemViewController.swift */,
				1B2E17911CC928280090A451 /* ItemCell.swift */,
				1BB16A701CD2643B00FD8CBE /* DetailViewController.swift */,
				1B18118C1CD3C57E00C83AE5 /* ImageStore.swift */,
				1B5F44171CAD7A69002F7431 /* ItemStore.swift */,
				1B5F44151CAD770D002F7431 /* Item.swift */,
			);
			path = Homepwner;
			sourceTree = "<group>";
		};
		1B5F43F91CAD7673002F7431 /* HomepwnerTests */ = {
			isa = PBXGroup;
			children = (
				1B5F43FA1CAD7673002F7431 /* HomepwnerTests.swift */,
				1B5F43FC1CAD7673002F7431 /* Info.plist */,
			);
			path = HomepwnerTests;
			sourceTree = "<group>";
		};
		1B5F44041CAD7673002F7431 /* HomepwnerUITests */ = {
			isa = PBXGroup;
			children = (
				1B5F44051CAD7673002F7431 /* HomepwnerUITests.swift */,
				1B5F44071CAD7673002F7431 /* Info.plist */,
			);
			path = HomepwnerUITests;
			sourceTree = "<group>";
		};
/* End PBXGroup section */

/* Begin PBXNativeTarget section */
		1B5F43E11CAD7673002F7431 /* Homepwner */ = {
			isa = PBXNativeTarget;
			buildConfigurationList = 1B5F440A1CAD7673002F7431 /* Build configuration list for PBXNativeTarget "Homepwner" */;
			buildPhases = (
				1B5F43DE1CAD7673002F7431 /* Sources */,
				1B5F43DF1CAD7673002F7431 /* Frameworks */,
				1B5F43E01CAD7673002F7431 /* Resources */,
			);
			buildRules = (
			);
			dependencies = (
			);
			name = Homepwner;
			productName = Homepwner;
			productReference = 1B5F43E21CAD7673002F7431 /* Homepwner.app */;
			productType = "com.apple.product-type.application";
		};
		1B5F43F51CAD7673002F7431 /* HomepwnerTests */ = {
			isa = PBXNativeTarget;
			buildConfigurationList = 1B5F440D1CAD7673002F7431 /* Build configuration list for PBXNativeTarget "HomepwnerTests" */;
			buildPhases = (
				1B5F43F21CAD7673002F7431 /* Sources */,
				1B5F43F31CAD7673002F7431 /* Frameworks */,
				1B5F43F41CAD7673002F7431 /* Resources */,
			);
			buildRules = (
			);
			dependencies = (
				1B5F43F81CAD7673002F7431 /* PBXTargetDependency */,
			);
			name = HomepwnerTests;
			productName = HomepwnerTests;
			productReference = 1B5F43F61CAD7673002F7431 /* HomepwnerTests.xctest */;
			productType = "com.apple.product-type.bundle.unit-test";
		};
		1B5F44001CAD7673002F7431 /* HomepwnerUITests */ = {
			isa = PBXNativeTarget;
			buildConfigurationList = 1B5F44101CAD7673002F7431 /* Build configuration list for PBXNativeTarget "HomepwnerUITests" */;
			buildPhases = (
				1B5F43FD1CAD7673002F7431 /* Sources */,
				1B5F43FE1CAD7673002F7431 /* Frameworks */,
				1B5F43FF1CAD7673002F7431 /* Resources */,
			);
			buildRules = (
			);
			dependencies = (
				1B5F44031CAD7673002F7431 /* PBXTargetDependency */,
			);
			name = HomepwnerUITests;
			productName = HomepwnerUITests;
			productReference = 1B5F44011CAD7673002F7431 /* HomepwnerUITests.xctest */;
			productType = "com.apple.product-type.bundle.ui-testing";
		};
/* End PBXNativeTarget section */

/* Begin PBXProject section */
		1B5F43DA1CAD7673002F7431 /* Project object */ = {
			isa = PBXProject;
			attributes = {
				LastSwiftUpdateCheck = 0720;
				LastUpgradeCheck = 0720;
				ORGANIZATIONNAME = "Zhishan Zhang";
				TargetAttributes = {
					1B5F43E11CAD7673002F7431 = {
						CreatedOnToolsVersion = 7.2;
						DevelopmentTeam = 3FYG9MS6AK;
					};
					1B5F43F51CAD7673002F7431 = {
						CreatedOnToolsVersion = 7.2;
						DevelopmentTeam = 3FYG9MS6AK;
						TestTargetID = 1B5F43E11CAD7673002F7431;
					};
					1B5F44001CAD7673002F7431 = {
						CreatedOnToolsVersion = 7.2;
						DevelopmentTeam = 3FYG9MS6AK;
						TestTargetID = 1B5F43E11CAD7673002F7431;
					};
				};
			};
			buildConfigurationList = 1B5F43DD1CAD7673002F7431 /* Build configuration list for PBXProject "Homepwner" */;
			compatibilityVersion = "Xcode 3.2";
			developmentRegion = English;
			hasScannedForEncodings = 0;
			knownRegions = (
				en,
				Base,
			);
			mainGroup = 1B5F43D91CAD7673002F7431;
			productRefGroup = 1B5F43E31CAD7673002F7431 /* Products */;
			projectDirPath = "";
			projectRoot = "";
			targets = (
				1B5F43E11CAD7673002F7431 /* Homepwner */,
				1B5F43F51CAD7673002F7431 /* HomepwnerTests */,
				1B5F44001CAD7673002F7431 /* HomepwnerUITests */,
			);
		};
/* End PBXProject section */

/* Begin PBXResourcesBuildPhase section */
		1B5F43E01CAD7673002F7431 /* Resources */ = {
			isa = PBXResourcesBuildPhase;
			buildActionMask = 2147483647;
			files = (
				1B5F43F01CAD7673002F7431 /* LaunchScreen.storyboard in Resources */,
				1B5F43ED1CAD7673002F7431 /* Assets.xcassets in Resources */,
				1B5F43EB1CAD7673002F7431 /* Main.storyboard in Resources */,
			);
			runOnlyForDeploymentPostprocessing = 0;
		};
		1B5F43F41CAD7673002F7431 /* Resources */ = {
			isa = PBXResourcesBuildPhase;
			buildActionMask = 2147483647;
			files = (
			);
			runOnlyForDeploymentPostprocessing = 0;
		};
		1B5F43FF1CAD7673002F7431 /* Resources */ = {
			isa = PBXResourcesBuildPhase;
			buildActionMask = 2147483647;
			files = (
			);
			runOnlyForDeploymentPostprocessing = 0;
		};
/* End PBXResourcesBuildPhase section */

/* Begin PBXSourcesBuildPhase section */
		1B5F43DE1CAD7673002F7431 /* Sources */ = {
			isa = PBXSourcesBuildPhase;
			buildActionMask = 2147483647;
			files = (
				1B5F44161CAD770D002F7431 /* Item.swift in Sources */,
				1B5F43E61CAD7673002F7431 /* AppDelegate.swift in Sources */,
				1B5F44181CAD7A69002F7431 /* ItemStore.swift in Sources */,
				1BB16A711CD2643B00FD8CBE /* DetailViewController.swift in Sources */,
				1B5F44141CAD76B0002F7431 /* ItemViewController.swift in Sources */,
				1B18118D1CD3C57E00C83AE5 /* ImageStore.swift in Sources */,
				1B2E17921CC928280090A451 /* ItemCell.swift in Sources */,
			);
			runOnlyForDeploymentPostprocessing = 0;
		};
		1B5F43F21CAD7673002F7431 /* Sources */ = {
			isa = PBXSourcesBuildPhase;
			buildActionMask = 2147483647;
			files = (
				1B5F43FB1CAD7673002F7431 /* HomepwnerTests.swift in Sources */,
			);
			runOnlyForDeploymentPostprocessing = 0;
		};
		1B5F43FD1CAD7673002F7431 /* Sources */ = {
			isa = PBXSourcesBuildPhase;
			buildActionMask = 2147483647;
			files = (
				1B5F44061CAD7673002F7431 /* HomepwnerUITests.swift in Sources */,
			);
			runOnlyForDeploymentPostprocessing = 0;
		};
/* End PBXSourcesBuildPhase section */

/* Begin PBXTargetDependency section */
		1B5F43F81CAD7673002F7431 /* PBXTargetDependency */ = {
			isa = PBXTargetDependency;
			target = 1B5F43E11CAD7673002F7431 /* Homepwner */;
			targetProxy = 1B5F43F71CAD7673002F7431 /* PBXContainerItemProxy */;
		};
		1B5F44031CAD7673002F7431 /* PBXTargetDependency */ = {
			isa = PBXTargetDependency;
			target = 1B5F43E11CAD7673002F7431 /* Homepwner */;
			targetProxy = 1B5F44021CAD7673002F7431 /* PBXContainerItemProxy */;
		};
/* End PBXTargetDependency section */

/* Begin PBXVariantGroup section */
		1B5F43E91CAD7673002F7431 /* Main.storyboard */ = {
			isa = PBXVariantGroup;
			children = (
				1B5F43EA1CAD7673002F7431 /* Base */,
			);
			name = Main.storyboard;
			sourceTree = "<group>";
		};
		1B5F43EE1CAD7673002F7431 /* LaunchScreen.storyboard */ = {
			isa = PBXVariantGroup;
			children = (
				1B5F43EF1CAD7673002F7431 /* Base */,
			);
			name = LaunchScreen.storyboard;
			sourceTree = "<group>";
		};
/* End PBXVariantGroup section */

/* Begin XCBuildConfiguration section */
		1B5F44081CAD7673002F7431 /* Debug */ = {
			isa = XCBuildConfiguration;
			buildSettings = {
				ALWAYS_SEARCH_USER_PATHS = NO;
				CLANG_CXX_LANGUAGE_STANDARD = "gnu++0x";
				CLANG_CXX_LIBRARY = "libc++";
				CLANG_ENABLE_MODULES = YES;
				CLANG_ENABLE_OBJC_ARC = YES;
				CLANG_WARN_BOOL_CONVERSION = YES;
				CLANG_WARN_CONSTANT_CONVERSION = YES;
				CLANG_WARN_DIRECT_OBJC_ISA_USAGE = YES_ERROR;
				CLANG_WARN_EMPTY_BODY = YES;
				CLANG_WARN_ENUM_CONVERSION = YES;
				CLANG_WARN_INT_CONVERSION = YES;
				CLANG_WARN_OBJC_ROOT_CLASS = YES_ERROR;
				CLANG_WARN_UNREACHABLE_CODE = YES;
				CLANG_WARN__DUPLICATE_METHOD_MATCH = YES;
				"CODE_SIGN_IDENTITY[sdk=iphoneos*]" = "iPhone Developer";
				COPY_PHASE_STRIP = NO;
				DEBUG_INFORMATION_FORMAT = dwarf;
				ENABLE_STRICT_OBJC_MSGSEND = YES;
				ENABLE_TESTABILITY = YES;
				GCC_C_LANGUAGE_STANDARD = gnu99;
				GCC_DYNAMIC_NO_PIC = NO;
				GCC_NO_COMMON_BLOCKS = YES;
				GCC_OPTIMIZATION_LEVEL = 0;
				GCC_PREPROCESSOR_DEFINITIONS = (
					"DEBUG=1",
					"$(inherited)",
				);
				GCC_WARN_64_TO_32_BIT_CONVERSION = YES;
				GCC_WARN_ABOUT_RETURN_TYPE = YES_ERROR;
				GCC_WARN_UNDECLARED_SELECTOR = YES;
				GCC_WARN_UNINITIALIZED_AUTOS = YES_AGGRESSIVE;
				GCC_WARN_UNUSED_FUNCTION = YES;
				GCC_WARN_UNUSED_VARIABLE = YES;
				IPHONEOS_DEPLOYMENT_TARGET = 9.2;
				MTL_ENABLE_DEBUG_INFO = YES;
				ONLY_ACTIVE_ARCH = YES;
				SDKROOT = iphoneos;
				SWIFT_OPTIMIZATION_LEVEL = "-Onone";
				TARGETED_DEVICE_FAMILY = "1,2";
			};
			name = Debug;
		};
		1B5F44091CAD7673002F7431 /* Release */ = {
			isa = XCBuildConfiguration;
			buildSettings = {
				ALWAYS_SEARCH_USER_PATHS = NO;
				CLANG_CXX_LANGUAGE_STANDARD = "gnu++0x";
				CLANG_CXX_LIBRARY = "libc++";
				CLANG_ENABLE_MODULES = YES;
				CLANG_ENABLE_OBJC_ARC = YES;
				CLANG_WARN_BOOL_CONVERSION = YES;
				CLANG_WARN_CONSTANT_CONVERSION = YES;
				CLANG_WARN_DIRECT_OBJC_ISA_USAGE = YES_ERROR;
				CLANG_WARN_EMPTY_BODY = YES;
				CLANG_WARN_ENUM_CONVERSION = YES;
				CLANG_WARN_INT_CONVERSION = YES;
				CLANG_WARN_OBJC_ROOT_CLASS = YES_ERROR;
				CLANG_WARN_UNREACHABLE_CODE = YES;
				CLANG_WARN__DUPLICATE_METHOD_MATCH = YES;
				"CODE_SIGN_IDENTITY[sdk=iphoneos*]" = "iPhone Developer";
				COPY_PHASE_STRIP = NO;
				DEBUG_INFORMATION_FORMAT = "dwarf-with-dsym";
				ENABLE_NS_ASSERTIONS = NO;
				ENABLE_STRICT_OBJC_MSGSEND = YES;
				GCC_C_LANGUAGE_STANDARD = gnu99;
				GCC_NO_COMMON_BLOCKS = YES;
				GCC_WARN_64_TO_32_BIT_CONVERSION = YES;
				GCC_WARN_ABOUT_RETURN_TYPE = YES_ERROR;
				GCC_WARN_UNDECLARED_SELECTOR = YES;
				GCC_WARN_UNINITIALIZED_AUTOS = YES_AGGRESSIVE;
				GCC_WARN_UNUSED_FUNCTION = YES;
				GCC_WARN_UNUSED_VARIABLE = YES;
				IPHONEOS_DEPLOYMENT_TARGET = 9.2;
				MTL_ENABLE_DEBUG_INFO = NO;
				SDKROOT = iphoneos;
				TARGETED_DEVICE_FAMILY = "1,2";
				VALIDATE_PRODUCT = YES;
			};
			name = Release;
		};
		1B5F440B1CAD7673002F7431 /* Debug */ = {
			isa = XCBuildConfiguration;
			buildSettings = {
				ASSETCATALOG_COMPILER_APPICON_NAME = AppIcon;
				INFOPLIST_FILE = Homepwner/Info.plist;
				LD_RUNPATH_SEARCH_PATHS = "$(inherited) @executable_path/Frameworks";
				PRODUCT_BUNDLE_IDENTIFIER = me.code4fun.zzs.Homepwner;
				PRODUCT_NAME = "$(TARGET_NAME)";
			};
			name = Debug;
		};
		1B5F440C1CAD7673002F7431 /* Release */ = {
			isa = XCBuildConfiguration;
			buildSettings = {
				ASSETCATALOG_COMPILER_APPICON_NAME = AppIcon;
				INFOPLIST_FILE = Homepwner/Info.plist;
				LD_RUNPATH_SEARCH_PATHS = "$(inherited) @executable_path/Frameworks";
				PRODUCT_BUNDLE_IDENTIFIER = me.code4fun.zzs.Homepwner;
				PRODUCT_NAME = "$(TARGET_NAME)";
			};
			name = Release;
		};
		1B5F440E1CAD7673002F7431 /* Debug */ = {
			isa = XCBuildConfiguration;
			buildSettings = {
				BUNDLE_LOADER = "$(TEST_HOST)";
				INFOPLIST_FILE = HomepwnerTests/Info.plist;
				LD_RUNPATH_SEARCH_PATHS = "$(inherited) @executable_path/Frameworks @loader_path/Frameworks";
				PRODUCT_BUNDLE_IDENTIFIER = me.code4fun.zzs.HomepwnerTests;
				PRODUCT_NAME = "$(TARGET_NAME)";
				TEST_HOST = "$(BUILT_PRODUCTS_DIR)/Homepwner.app/Homepwner";
			};
			name = Debug;
		};
		1B5F440F1CAD7673002F7431 /* Release */ = {
			isa = XCBuildConfiguration;
			buildSettings = {
				BUNDLE_LOADER = "$(TEST_HOST)";
				INFOPLIST_FILE = HomepwnerTests/Info.plist;
				LD_RUNPATH_SEARCH_PATHS = "$(inherited) @executable_path/Frameworks @loader_path/Frameworks";
				PRODUCT_BUNDLE_IDENTIFIER = me.code4fun.zzs.HomepwnerTests;
				PRODUCT_NAME = "$(TARGET_NAME)";
				TEST_HOST = "$(BUILT_PRODUCTS_DIR)/Homepwner.app/Homepwner";
			};
			name = Release;
		};
		1B5F44111CAD7673002F7431 /* Debug */ = {
			isa = XCBuildConfiguration;
			buildSettings = {
				INFOPLIST_FILE = HomepwnerUITests/Info.plist;
				LD_RUNPATH_SEARCH_PATHS = "$(inherited) @executable_path/Frameworks @loader_path/Frameworks";
				PRODUCT_BUNDLE_IDENTIFIER = me.code4fun.zzs.HomepwnerUITests;
				PRODUCT_NAME = "$(TARGET_NAME)";
				TEST_TARGET_NAME = Homepwner;
				USES_XCTRUNNER = YES;
			};
			name = Debug;
		};
		1B5F44121CAD7673002F7431 /* Release */ = {
			isa = XCBuildConfiguration;
			buildSettings = {
				INFOPLIST_FILE = HomepwnerUITests/Info.plist;
				LD_RUNPATH_SEARCH_PATHS = "$(inherited) @executable_path/Frameworks @loader_path/Frameworks";
				PRODUCT_BUNDLE_IDENTIFIER = me.code4fun.zzs.HomepwnerUITests;
				PRODUCT_NAME = "$(TARGET_NAME)";
				TEST_TARGET_NAME = Homepwner;
				USES_XCTRUNNER = YES;
			};
			name = Release;
		};
/* End XCBuildConfiguration section */

/* Begin XCConfigurationList section */
		1B5F43DD1CAD7673002F7431 /* Build configuration list for PBXProject "Homepwner" */ = {
			isa = XCConfigurationList;
			buildConfigurations = (
				1B5F44081CAD7673002F7431 /* Debug */,
				1B5F44091CAD7673002F7431 /* Release */,
			);
			defaultConfigurationIsVisible = 0;
			defaultConfigurationName = Release;
		};
		1B5F440A1CAD7673002F7431 /* Build configuration list for PBXNativeTarget "Homepwner" */ = {
			isa = XCConfigurationList;
			buildConfigurations = (
				1B5F440B1CAD7673002F7431 /* Debug */,
				1B5F440C1CAD7673002F7431 /* Release */,
			);
			defaultConfigurationIsVisible = 0;
			defaultConfigurationName = Release;
		};
		1B5F440D1CAD7673002F7431 /* Build configuration list for PBXNativeTarget "HomepwnerTests" */ = {
			isa = XCConfigurationList;
			buildConfigurations = (
				1B5F440E1CAD7673002F7431 /* Debug */,
				1B5F440F1CAD7673002F7431 /* Release */,
			);
			defaultConfigurationIsVisible = 0;
			defaultConfigurationName = Release;
		};
		1B5F44101CAD7673002F7431 /* Build configuration list for PBXNativeTarget "HomepwnerUITests" */ = {
			isa = XCConfigurationList;
			buildConfigurations = (
				1B5F44111CAD7673002F7431 /* Debug */,
				1B5F44121CAD7673002F7431 /* Release */,
			);
			defaultConfigurationIsVisible = 0;
			defaultConfigurationName = Release;
		};
/* End XCConfigurationList section */
	};
	rootObject = 1B5F43DA1CAD7673002F7431 /* Project object */;
}
